// !$*UTF8*$!
{
	archiveVersion = 1;
	classes = {
	};
	objectVersion = 46;
	objects = {

/* Begin PBXBuildFile section */
		830641C8189C8823006C6F6E /* VideoSource.mm in Sources */ = {isa = PBXBuildFile; fileRef = 830641C7189C8823006C6F6E /* VideoSource.mm */; };
		830641CA189C8AC8006C6F6E /* QuartzCore.framework in Frameworks */ = {isa = PBXBuildFile; fileRef = 830641C9189C8AC8006C6F6E /* QuartzCore.framework */; };
		830641CC189C8AD7006C6F6E /* AVFoundation.framework in Frameworks */ = {isa = PBXBuildFile; fileRef = 830641CB189C8AD7006C6F6E /* AVFoundation.framework */; };
		830641CF189C8E18006C6F6E /* GLESImageView.mm in Sources */ = {isa = PBXBuildFile; fileRef = 830641CE189C8E18006C6F6E /* GLESImageView.mm */; };
		831380B518A37E720085360C /* FPSCalculator.mm in Sources */ = {isa = PBXBuildFile; fileRef = 831380B418A37E720085360C /* FPSCalculator.mm */; };
		8385DBDB189D98FB004A3094 /* CoreImage.framework in Frameworks */ = {isa = PBXBuildFile; fileRef = 8385DBDA189D98FB004A3094 /* CoreImage.framework */; };
		8385DBDD189D9909004A3094 /* CoreVideo.framework in Frameworks */ = {isa = PBXBuildFile; fileRef = 8385DBDC189D9909004A3094 /* CoreVideo.framework */; };
		8385DBDF189D9915004A3094 /* AssetsLibrary.framework in Frameworks */ = {isa = PBXBuildFile; fileRef = 8385DBDE189D9915004A3094 /* AssetsLibrary.framework */; };
		8385DBE1189D993A004A3094 /* CoreMedia.framework in Frameworks */ = {isa = PBXBuildFile; fileRef = 8385DBE0189D993A004A3094 /* CoreMedia.framework */; };
		8385DBE3189D9946004A3094 /* GLKit.framework in Frameworks */ = {isa = PBXBuildFile; fileRef = 8385DBE2189D9946004A3094 /* GLKit.framework */; };
		8385DBE5189D9950004A3094 /* OpenGLES.framework in Frameworks */ = {isa = PBXBuildFile; fileRef = 8385DBE4189D9950004A3094 /* OpenGLES.framework */; };
		8385DBEA189D9E15004A3094 /* VideoViewController.mm in Sources */ = {isa = PBXBuildFile; fileRef = 8385DBE9189D9E15004A3094 /* VideoViewController.mm */; };
		8385DBED189DA2E5004A3094 /* UIImage2OpenCV.mm in Sources */ = {isa = PBXBuildFile; fileRef = 8385DBEC189DA2E5004A3094 /* UIImage2OpenCV.mm */; };
		8385DBF0189E550C004A3094 /* BaseVideoProcessor.cpp in Sources */ = {isa = PBXBuildFile; fileRef = 8385DBEE189E550C004A3094 /* BaseVideoProcessor.cpp */; };
		8385DBF3189E5699004A3094 /* ContourDetectorProcessor.cpp in Sources */ = {isa = PBXBuildFile; fileRef = 8385DBF1189E5699004A3094 /* ContourDetectorProcessor.cpp */; };
		8385DBF9189E59F2004A3094 /* ProcessorFacade.mm in Sources */ = {isa = PBXBuildFile; fileRef = 8385DBF8189E59F2004A3094 /* ProcessorFacade.mm */; };
		8385DBFC189E5D48004A3094 /* NSString+StdString.mm in Sources */ = {isa = PBXBuildFile; fileRef = 8385DBFB189E5D48004A3094 /* NSString+StdString.mm */; };
		838BB53C189EFEB500524A69 /* HumanDetectionProcessor.cpp in Sources */ = {isa = PBXBuildFile; fileRef = 838BB53A189EFEB400524A69 /* HumanDetectionProcessor.cpp */; };
		838BB543189F035700524A69 /* WBTabViewController.m in Sources */ = {isa = PBXBuildFile; fileRef = 838BB542189F035700524A69 /* WBTabViewController.m */; };
		83B93279189B6A5E0064D0F9 /* opencv2.framework in Frameworks */ = {isa = PBXBuildFile; fileRef = 83B93278189B6A5E0064D0F9 /* opencv2.framework */; };
		83C82001189B2F45005C859D /* Foundation.framework in Frameworks */ = {isa = PBXBuildFile; fileRef = 83C82000189B2F45005C859D /* Foundation.framework */; };
		83C82003189B2F45005C859D /* CoreGraphics.framework in Frameworks */ = {isa = PBXBuildFile; fileRef = 83C82002189B2F45005C859D /* CoreGraphics.framework */; };
		83C82005189B2F45005C859D /* UIKit.framework in Frameworks */ = {isa = PBXBuildFile; fileRef = 83C82004189B2F45005C859D /* UIKit.framework */; };
		83C8200B189B2F45005C859D /* InfoPlist.strings in Resources */ = {isa = PBXBuildFile; fileRef = 83C82009189B2F45005C859D /* InfoPlist.strings */; };
		83C8200D189B2F45005C859D /* main.m in Sources */ = {isa = PBXBuildFile; fileRef = 83C8200C189B2F45005C859D /* main.m */; };
		83C82011189B2F45005C859D /* WBAppDelegate.m in Sources */ = {isa = PBXBuildFile; fileRef = 83C82010189B2F45005C859D /* WBAppDelegate.m */; };
		83C82014189B2F45005C859D /* Main.storyboard in Resources */ = {isa = PBXBuildFile; fileRef = 83C82012189B2F45005C859D /* Main.storyboard */; };
		83C82017189B2F45005C859D /* WBFirstViewController.m in Sources */ = {isa = PBXBuildFile; fileRef = 83C82016189B2F45005C859D /* WBFirstViewController.m */; };
		83C8201A189B2F45005C859D /* WBSecondViewController.m in Sources */ = {isa = PBXBuildFile; fileRef = 83C82019189B2F45005C859D /* WBSecondViewController.m */; };
		83C8201C189B2F45005C859D /* Images.xcassets in Resources */ = {isa = PBXBuildFile; fileRef = 83C8201B189B2F45005C859D /* Images.xcassets */; };
		83C82023189B2F45005C859D /* XCTest.framework in Frameworks */ = {isa = PBXBuildFile; fileRef = 83C82022189B2F45005C859D /* XCTest.framework */; };
		83C82024189B2F45005C859D /* Foundation.framework in Frameworks */ = {isa = PBXBuildFile; fileRef = 83C82000189B2F45005C859D /* Foundation.framework */; };
		83C82025189B2F45005C859D /* UIKit.framework in Frameworks */ = {isa = PBXBuildFile; fileRef = 83C82004189B2F45005C859D /* UIKit.framework */; };
		83C8202D189B2F45005C859D /* InfoPlist.strings in Resources */ = {isa = PBXBuildFile; fileRef = 83C8202B189B2F45005C859D /* InfoPlist.strings */; };
		83C8202F189B2F45005C859D /* WeBoardTests.m in Sources */ = {isa = PBXBuildFile; fileRef = 83C8202E189B2F45005C859D /* WeBoardTests.m */; };
/* End PBXBuildFile section */

/* Begin PBXContainerItemProxy section */
		83C82026189B2F45005C859D /* PBXContainerItemProxy */ = {
			isa = PBXContainerItemProxy;
			containerPortal = 83C81FF5189B2F45005C859D /* Project object */;
			proxyType = 1;
			remoteGlobalIDString = 83C81FFC189B2F45005C859D;
			remoteInfo = WeBoard;
		};
/* End PBXContainerItemProxy section */

/* Begin PBXFileReference section */
		830641C6189C8823006C6F6E /* VideoSource.h */ = {isa = PBXFileReference; fileEncoding = 4; lastKnownFileType = sourcecode.c.h; path = VideoSource.h; sourceTree = "<group>"; };
		830641C7189C8823006C6F6E /* VideoSource.mm */ = {isa = PBXFileReference; fileEncoding = 4; lastKnownFileType = sourcecode.cpp.objcpp; path = VideoSource.mm; sourceTree = "<group>"; };
		830641C9189C8AC8006C6F6E /* QuartzCore.framework */ = {isa = PBXFileReference; lastKnownFileType = wrapper.framework; name = QuartzCore.framework; path = System/Library/Frameworks/QuartzCore.framework; sourceTree = SDKROOT; };
		830641CB189C8AD7006C6F6E /* AVFoundation.framework */ = {isa = PBXFileReference; lastKnownFileType = wrapper.framework; name = AVFoundation.framework; path = System/Library/Frameworks/AVFoundation.framework; sourceTree = SDKROOT; };
		830641CD189C8E18006C6F6E /* GLESImageView.h */ = {isa = PBXFileReference; fileEncoding = 4; lastKnownFileType = sourcecode.c.h; path = GLESImageView.h; sourceTree = "<group>"; };
		830641CE189C8E18006C6F6E /* GLESImageView.mm */ = {isa = PBXFileReference; fileEncoding = 4; lastKnownFileType = sourcecode.cpp.objcpp; path = GLESImageView.mm; sourceTree = "<group>"; };
		831380B318A37E720085360C /* FPSCalculator.h */ = {isa = PBXFileReference; fileEncoding = 4; lastKnownFileType = sourcecode.c.h; path = FPSCalculator.h; sourceTree = "<group>"; };
		831380B418A37E720085360C /* FPSCalculator.mm */ = {isa = PBXFileReference; fileEncoding = 4; lastKnownFileType = sourcecode.cpp.objcpp; path = FPSCalculator.mm; sourceTree = "<group>"; };
		8385DBDA189D98FB004A3094 /* CoreImage.framework */ = {isa = PBXFileReference; lastKnownFileType = wrapper.framework; name = CoreImage.framework; path = System/Library/Frameworks/CoreImage.framework; sourceTree = SDKROOT; };
		8385DBDC189D9909004A3094 /* CoreVideo.framework */ = {isa = PBXFileReference; lastKnownFileType = wrapper.framework; name = CoreVideo.framework; path = System/Library/Frameworks/CoreVideo.framework; sourceTree = SDKROOT; };
		8385DBDE189D9915004A3094 /* AssetsLibrary.framework */ = {isa = PBXFileReference; lastKnownFileType = wrapper.framework; name = AssetsLibrary.framework; path = System/Library/Frameworks/AssetsLibrary.framework; sourceTree = SDKROOT; };
		8385DBE0189D993A004A3094 /* CoreMedia.framework */ = {isa = PBXFileReference; lastKnownFileType = wrapper.framework; name = CoreMedia.framework; path = System/Library/Frameworks/CoreMedia.framework; sourceTree = SDKROOT; };
		8385DBE2189D9946004A3094 /* GLKit.framework */ = {isa = PBXFileReference; lastKnownFileType = wrapper.framework; name = GLKit.framework; path = System/Library/Frameworks/GLKit.framework; sourceTree = SDKROOT; };
		8385DBE4189D9950004A3094 /* OpenGLES.framework */ = {isa = PBXFileReference; lastKnownFileType = wrapper.framework; name = OpenGLES.framework; path = System/Library/Frameworks/OpenGLES.framework; sourceTree = SDKROOT; };
		8385DBE8189D9E15004A3094 /* VideoViewController.h */ = {isa = PBXFileReference; fileEncoding = 4; lastKnownFileType = sourcecode.c.h; path = VideoViewController.h; sourceTree = "<group>"; };
		8385DBE9189D9E15004A3094 /* VideoViewController.mm */ = {isa = PBXFileReference; fileEncoding = 4; lastKnownFileType = sourcecode.cpp.objcpp; path = VideoViewController.mm; sourceTree = "<group>"; };
		8385DBEB189DA2E5004A3094 /* UIImage2OpenCV.h */ = {isa = PBXFileReference; fileEncoding = 4; lastKnownFileType = sourcecode.c.h; path = UIImage2OpenCV.h; sourceTree = "<group>"; };
		8385DBEC189DA2E5004A3094 /* UIImage2OpenCV.mm */ = {isa = PBXFileReference; fileEncoding = 4; lastKnownFileType = sourcecode.cpp.objcpp; path = UIImage2OpenCV.mm; sourceTree = "<group>"; };
		8385DBEE189E550C004A3094 /* BaseVideoProcessor.cpp */ = {isa = PBXFileReference; fileEncoding = 4; lastKnownFileType = sourcecode.cpp.cpp; path = BaseVideoProcessor.cpp; sourceTree = "<group>"; };
		8385DBEF189E550C004A3094 /* BaseVideoProcessor.h */ = {isa = PBXFileReference; fileEncoding = 4; lastKnownFileType = sourcecode.c.h; path = BaseVideoProcessor.h; sourceTree = "<group>"; };
		8385DBF1189E5699004A3094 /* ContourDetectorProcessor.cpp */ = {isa = PBXFileReference; fileEncoding = 4; lastKnownFileType = sourcecode.cpp.cpp; path = ContourDetectorProcessor.cpp; sourceTree = "<group>"; };
		8385DBF2189E5699004A3094 /* ContourDetectorProcessor.h */ = {isa = PBXFileReference; fileEncoding = 4; lastKnownFileType = sourcecode.c.h; path = ContourDetectorProcessor.h; sourceTree = "<group>"; };
		8385DBF7189E59F2004A3094 /* ProcessorFacade.h */ = {isa = PBXFileReference; fileEncoding = 4; lastKnownFileType = sourcecode.c.h; path = ProcessorFacade.h; sourceTree = "<group>"; };
		8385DBF8189E59F2004A3094 /* ProcessorFacade.mm */ = {isa = PBXFileReference; fileEncoding = 4; lastKnownFileType = sourcecode.cpp.objcpp; path = ProcessorFacade.mm; sourceTree = "<group>"; };
		8385DBFA189E5D48004A3094 /* NSString+StdString.h */ = {isa = PBXFileReference; fileEncoding = 4; lastKnownFileType = sourcecode.c.h; path = "NSString+StdString.h"; sourceTree = "<group>"; };
		8385DBFB189E5D48004A3094 /* NSString+StdString.mm */ = {isa = PBXFileReference; fileEncoding = 4; lastKnownFileType = sourcecode.cpp.objcpp; path = "NSString+StdString.mm"; sourceTree = "<group>"; };
		838BB53A189EFEB400524A69 /* HumanDetectionProcessor.cpp */ = {isa = PBXFileReference; fileEncoding = 4; lastKnownFileType = sourcecode.cpp.cpp; name = HumanDetectionProcessor.cpp; path = ../HumanDetectionProcessor.cpp; sourceTree = "<group>"; };
		838BB53B189EFEB500524A69 /* HumanDetectionProcessor.h */ = {isa = PBXFileReference; fileEncoding = 4; lastKnownFileType = sourcecode.c.h; name = HumanDetectionProcessor.h; path = ../HumanDetectionProcessor.h; sourceTree = "<group>"; };
		838BB541189F035700524A69 /* WBTabViewController.h */ = {isa = PBXFileReference; fileEncoding = 4; lastKnownFileType = sourcecode.c.h; path = WBTabViewController.h; sourceTree = "<group>"; };
		838BB542189F035700524A69 /* WBTabViewController.m */ = {isa = PBXFileReference; fileEncoding = 4; lastKnownFileType = sourcecode.c.objc; path = WBTabViewController.m; sourceTree = "<group>"; };
		83B93278189B6A5E0064D0F9 /* opencv2.framework */ = {isa = PBXFileReference; lastKnownFileType = wrapper.framework; name = opencv2.framework; path = ../../ios/opencv2.framework; sourceTree = "<group>"; };
		83C81FFD189B2F45005C859D /* WeBoard.app */ = {isa = PBXFileReference; explicitFileType = wrapper.application; includeInIndex = 0; path = WeBoard.app; sourceTree = BUILT_PRODUCTS_DIR; };
		83C82000189B2F45005C859D /* Foundation.framework */ = {isa = PBXFileReference; lastKnownFileType = wrapper.framework; name = Foundation.framework; path = System/Library/Frameworks/Foundation.framework; sourceTree = SDKROOT; };
		83C82002189B2F45005C859D /* CoreGraphics.framework */ = {isa = PBXFileReference; lastKnownFileType = wrapper.framework; name = CoreGraphics.framework; path = System/Library/Frameworks/CoreGraphics.framework; sourceTree = SDKROOT; };
		83C82004189B2F45005C859D /* UIKit.framework */ = {isa = PBXFileReference; lastKnownFileType = wrapper.framework; name = UIKit.framework; path = System/Library/Frameworks/UIKit.framework; sourceTree = SDKROOT; };
		83C82008189B2F45005C859D /* WeBoard-Info.plist */ = {isa = PBXFileReference; lastKnownFileType = text.plist.xml; path = "WeBoard-Info.plist"; sourceTree = "<group>"; };
		83C8200A189B2F45005C859D /* en */ = {isa = PBXFileReference; lastKnownFileType = text.plist.strings; name = en; path = en.lproj/InfoPlist.strings; sourceTree = "<group>"; };
		83C8200C189B2F45005C859D /* main.m */ = {isa = PBXFileReference; lastKnownFileType = sourcecode.c.objc; path = main.m; sourceTree = "<group>"; };
		83C8200E189B2F45005C859D /* WeBoard-Prefix.pch */ = {isa = PBXFileReference; lastKnownFileType = sourcecode.c.h; path = "WeBoard-Prefix.pch"; sourceTree = "<group>"; };
		83C8200F189B2F45005C859D /* WBAppDelegate.h */ = {isa = PBXFileReference; lastKnownFileType = sourcecode.c.h; path = WBAppDelegate.h; sourceTree = "<group>"; };
		83C82010189B2F45005C859D /* WBAppDelegate.m */ = {isa = PBXFileReference; lastKnownFileType = sourcecode.c.objc; path = WBAppDelegate.m; sourceTree = "<group>"; };
		83C82013189B2F45005C859D /* Base */ = {isa = PBXFileReference; lastKnownFileType = file.storyboard; name = Base; path = Base.lproj/Main.storyboard; sourceTree = "<group>"; };
		83C82015189B2F45005C859D /* WBFirstViewController.h */ = {isa = PBXFileReference; lastKnownFileType = sourcecode.c.h; path = WBFirstViewController.h; sourceTree = "<group>"; };
		83C82016189B2F45005C859D /* WBFirstViewController.m */ = {isa = PBXFileReference; lastKnownFileType = sourcecode.c.objc; path = WBFirstViewController.m; sourceTree = "<group>"; };
		83C82018189B2F45005C859D /* WBSecondViewController.h */ = {isa = PBXFileReference; lastKnownFileType = sourcecode.c.h; path = WBSecondViewController.h; sourceTree = "<group>"; };
		83C82019189B2F45005C859D /* WBSecondViewController.m */ = {isa = PBXFileReference; lastKnownFileType = sourcecode.c.objc; path = WBSecondViewController.m; sourceTree = "<group>"; };
		83C8201B189B2F45005C859D /* Images.xcassets */ = {isa = PBXFileReference; lastKnownFileType = folder.assetcatalog; path = Images.xcassets; sourceTree = "<group>"; };
		83C82021189B2F45005C859D /* WeBoardTests.xctest */ = {isa = PBXFileReference; explicitFileType = wrapper.cfbundle; includeInIndex = 0; path = WeBoardTests.xctest; sourceTree = BUILT_PRODUCTS_DIR; };
		83C82022189B2F45005C859D /* XCTest.framework */ = {isa = PBXFileReference; lastKnownFileType = wrapper.framework; name = XCTest.framework; path = Library/Frameworks/XCTest.framework; sourceTree = DEVELOPER_DIR; };
		83C8202A189B2F45005C859D /* WeBoardTests-Info.plist */ = {isa = PBXFileReference; lastKnownFileType = text.plist.xml; path = "WeBoardTests-Info.plist"; sourceTree = "<group>"; };
		83C8202C189B2F45005C859D /* en */ = {isa = PBXFileReference; lastKnownFileType = text.plist.strings; name = en; path = en.lproj/InfoPlist.strings; sourceTree = "<group>"; };
		83C8202E189B2F45005C859D /* WeBoardTests.m */ = {isa = PBXFileReference; lastKnownFileType = sourcecode.c.objc; path = WeBoardTests.m; sourceTree = "<group>"; };
/* End PBXFileReference section */

/* Begin PBXFrameworksBuildPhase section */
		83C81FFA189B2F45005C859D /* Frameworks */ = {
			isa = PBXFrameworksBuildPhase;
			buildActionMask = 2147483647;
			files = (
				8385DBE5189D9950004A3094 /* OpenGLES.framework in Frameworks */,
				8385DBE3189D9946004A3094 /* GLKit.framework in Frameworks */,
				8385DBE1189D993A004A3094 /* CoreMedia.framework in Frameworks */,
				8385DBDF189D9915004A3094 /* AssetsLibrary.framework in Frameworks */,
				8385DBDD189D9909004A3094 /* CoreVideo.framework in Frameworks */,
				8385DBDB189D98FB004A3094 /* CoreImage.framework in Frameworks */,
				830641CC189C8AD7006C6F6E /* AVFoundation.framework in Frameworks */,
				830641CA189C8AC8006C6F6E /* QuartzCore.framework in Frameworks */,
				83C82003189B2F45005C859D /* CoreGraphics.framework in Frameworks */,
				83C82005189B2F45005C859D /* UIKit.framework in Frameworks */,
				83B93279189B6A5E0064D0F9 /* opencv2.framework in Frameworks */,
				83C82001189B2F45005C859D /* Foundation.framework in Frameworks */,
			);
			runOnlyForDeploymentPostprocessing = 0;
		};
		83C8201E189B2F45005C859D /* Frameworks */ = {
			isa = PBXFrameworksBuildPhase;
			buildActionMask = 2147483647;
			files = (
				83C82023189B2F45005C859D /* XCTest.framework in Frameworks */,
				83C82025189B2F45005C859D /* UIKit.framework in Frameworks */,
				83C82024189B2F45005C859D /* Foundation.framework in Frameworks */,
			);
			runOnlyForDeploymentPostprocessing = 0;
		};
/* End PBXFrameworksBuildPhase section */

/* Begin PBXGroup section */
		838BB53D189EFED000524A69 /* VideoProcessors */ = {
			isa = PBXGroup;
			children = (
				838BB53A189EFEB400524A69 /* HumanDetectionProcessor.cpp */,
				838BB53B189EFEB500524A69 /* HumanDetectionProcessor.h */,
				8385DBF7189E59F2004A3094 /* ProcessorFacade.h */,
				8385DBF8189E59F2004A3094 /* ProcessorFacade.mm */,
				8385DBEE189E550C004A3094 /* BaseVideoProcessor.cpp */,
				8385DBEF189E550C004A3094 /* BaseVideoProcessor.h */,
				8385DBF1189E5699004A3094 /* ContourDetectorProcessor.cpp */,
				8385DBF2189E5699004A3094 /* ContourDetectorProcessor.h */,
			);
			name = VideoProcessors;
			sourceTree = "<group>";
		};
		83C81FF4189B2F45005C859D = {
			isa = PBXGroup;
			children = (
				83C82006189B2F45005C859D /* WeBoard */,
				83C82028189B2F45005C859D /* WeBoardTests */,
				83C81FFF189B2F45005C859D /* Frameworks */,
				83C81FFE189B2F45005C859D /* Products */,
			);
			sourceTree = "<group>";
		};
		83C81FFE189B2F45005C859D /* Products */ = {
			isa = PBXGroup;
			children = (
				83C81FFD189B2F45005C859D /* WeBoard.app */,
				83C82021189B2F45005C859D /* WeBoardTests.xctest */,
			);
			name = Products;
			sourceTree = "<group>";
		};
		83C81FFF189B2F45005C859D /* Frameworks */ = {
			isa = PBXGroup;
			children = (
				8385DBE4189D9950004A3094 /* OpenGLES.framework */,
				8385DBE2189D9946004A3094 /* GLKit.framework */,
				8385DBE0189D993A004A3094 /* CoreMedia.framework */,
				8385DBDE189D9915004A3094 /* AssetsLibrary.framework */,
				8385DBDC189D9909004A3094 /* CoreVideo.framework */,
				8385DBDA189D98FB004A3094 /* CoreImage.framework */,
				830641CB189C8AD7006C6F6E /* AVFoundation.framework */,
				830641C9189C8AC8006C6F6E /* QuartzCore.framework */,
				83B93278189B6A5E0064D0F9 /* opencv2.framework */,
				83C82000189B2F45005C859D /* Foundation.framework */,
				83C82002189B2F45005C859D /* CoreGraphics.framework */,
				83C82004189B2F45005C859D /* UIKit.framework */,
				83C82022189B2F45005C859D /* XCTest.framework */,
			);
			name = Frameworks;
			sourceTree = "<group>";
		};
		83C82006189B2F45005C859D /* WeBoard */ = {
			isa = PBXGroup;
			children = (
				831380B318A37E720085360C /* FPSCalculator.h */,
				831380B418A37E720085360C /* FPSCalculator.mm */,
				838BB53D189EFED000524A69 /* VideoProcessors */,
				8385DBE8189D9E15004A3094 /* VideoViewController.h */,
				8385DBE9189D9E15004A3094 /* VideoViewController.mm */,
				83C8200F189B2F45005C859D /* WBAppDelegate.h */,
				83C82010189B2F45005C859D /* WBAppDelegate.m */,
				83C82012189B2F45005C859D /* Main.storyboard */,
				83C82015189B2F45005C859D /* WBFirstViewController.h */,
				83C82016189B2F45005C859D /* WBFirstViewController.m */,
				83C82018189B2F45005C859D /* WBSecondViewController.h */,
				83C82019189B2F45005C859D /* WBSecondViewController.m */,
				83C8201B189B2F45005C859D /* Images.xcassets */,
				83C82007189B2F45005C859D /* Supporting Files */,
				830641C6189C8823006C6F6E /* VideoSource.h */,
				830641C7189C8823006C6F6E /* VideoSource.mm */,
				830641CD189C8E18006C6F6E /* GLESImageView.h */,
				830641CE189C8E18006C6F6E /* GLESImageView.mm */,
				838BB541189F035700524A69 /* WBTabViewController.h */,
				838BB542189F035700524A69 /* WBTabViewController.m */,
			);
			path = WeBoard;
			sourceTree = "<group>";
		};
		83C82007189B2F45005C859D /* Supporting Files */ = {
			isa = PBXGroup;
			children = (
				8385DBFA189E5D48004A3094 /* NSString+StdString.h */,
				8385DBFB189E5D48004A3094 /* NSString+StdString.mm */,
				8385DBEB189DA2E5004A3094 /* UIImage2OpenCV.h */,
				8385DBEC189DA2E5004A3094 /* UIImage2OpenCV.mm */,
				83C82008189B2F45005C859D /* WeBoard-Info.plist */,
				83C82009189B2F45005C859D /* InfoPlist.strings */,
				83C8200C189B2F45005C859D /* main.m */,
				83C8200E189B2F45005C859D /* WeBoard-Prefix.pch */,
			);
			name = "Supporting Files";
			sourceTree = "<group>";
		};
		83C82028189B2F45005C859D /* WeBoardTests */ = {
			isa = PBXGroup;
			children = (
				83C8202E189B2F45005C859D /* WeBoardTests.m */,
				83C82029189B2F45005C859D /* Supporting Files */,
			);
			path = WeBoardTests;
			sourceTree = "<group>";
		};
		83C82029189B2F45005C859D /* Supporting Files */ = {
			isa = PBXGroup;
			children = (
				83C8202A189B2F45005C859D /* WeBoardTests-Info.plist */,
				83C8202B189B2F45005C859D /* InfoPlist.strings */,
			);
			name = "Supporting Files";
			sourceTree = "<group>";
		};
/* End PBXGroup section */

/* Begin PBXNativeTarget section */
		83C81FFC189B2F45005C859D /* WeBoard */ = {
			isa = PBXNativeTarget;
			buildConfigurationList = 83C82032189B2F45005C859D /* Build configuration list for PBXNativeTarget "WeBoard" */;
			buildPhases = (
				83C81FF9189B2F45005C859D /* Sources */,
				83C81FFA189B2F45005C859D /* Frameworks */,
				83C81FFB189B2F45005C859D /* Resources */,
			);
			buildRules = (
			);
			dependencies = (
			);
			name = WeBoard;
			productName = WeBoard;
			productReference = 83C81FFD189B2F45005C859D /* WeBoard.app */;
			productType = "com.apple.product-type.application";
		};
		83C82020189B2F45005C859D /* WeBoardTests */ = {
			isa = PBXNativeTarget;
			buildConfigurationList = 83C82035189B2F45005C859D /* Build configuration list for PBXNativeTarget "WeBoardTests" */;
			buildPhases = (
				83C8201D189B2F45005C859D /* Sources */,
				83C8201E189B2F45005C859D /* Frameworks */,
				83C8201F189B2F45005C859D /* Resources */,
			);
			buildRules = (
			);
			dependencies = (
				83C82027189B2F45005C859D /* PBXTargetDependency */,
			);
			name = WeBoardTests;
			productName = WeBoardTests;
			productReference = 83C82021189B2F45005C859D /* WeBoardTests.xctest */;
			productType = "com.apple.product-type.bundle.unit-test";
		};
/* End PBXNativeTarget section */

/* Begin PBXProject section */
		83C81FF5189B2F45005C859D /* Project object */ = {
			isa = PBXProject;
			attributes = {
				CLASSPREFIX = WB;
				LastUpgradeCheck = 0500;
				ORGANIZATIONNAME = "Pavlo Pidlypenskyi";
				TargetAttributes = {
					83C81FFC189B2F45005C859D = {
						DevelopmentTeam = 8U2C4K985T;
					};
					83C82020189B2F45005C859D = {
						TestTargetID = 83C81FFC189B2F45005C859D;
					};
				};
			};
			buildConfigurationList = 83C81FF8189B2F45005C859D /* Build configuration list for PBXProject "WeBoard" */;
			compatibilityVersion = "Xcode 3.2";
			developmentRegion = English;
			hasScannedForEncodings = 0;
			knownRegions = (
				en,
				Base,
			);
			mainGroup = 83C81FF4189B2F45005C859D;
			productRefGroup = 83C81FFE189B2F45005C859D /* Products */;
			projectDirPath = "";
			projectRoot = "";
			targets = (
				83C81FFC189B2F45005C859D /* WeBoard */,
				83C82020189B2F45005C859D /* WeBoardTests */,
			);
		};
/* End PBXProject section */

/* Begin PBXResourcesBuildPhase section */
		83C81FFB189B2F45005C859D /* Resources */ = {
			isa = PBXResourcesBuildPhase;
			buildActionMask = 2147483647;
			files = (
				83C8201C189B2F45005C859D /* Images.xcassets in Resources */,
				83C8200B189B2F45005C859D /* InfoPlist.strings in Resources */,
				83C82014189B2F45005C859D /* Main.storyboard in Resources */,
			);
			runOnlyForDeploymentPostprocessing = 0;
		};
		83C8201F189B2F45005C859D /* Resources */ = {
			isa = PBXResourcesBuildPhase;
			buildActionMask = 2147483647;
			files = (
				83C8202D189B2F45005C859D /* InfoPlist.strings in Resources */,
			);
			runOnlyForDeploymentPostprocessing = 0;
		};
/* End PBXResourcesBuildPhase section */

/* Begin PBXSourcesBuildPhase section */
		83C81FF9189B2F45005C859D /* Sources */ = {
			isa = PBXSourcesBuildPhase;
			buildActionMask = 2147483647;
			files = (
				83C8200D189B2F45005C859D /* main.m in Sources */,
				83C82017189B2F45005C859D /* WBFirstViewController.m in Sources */,
				83C82011189B2F45005C859D /* WBAppDelegate.m in Sources */,
				831380B518A37E720085360C /* FPSCalculator.mm in Sources */,
				838BB53C189EFEB500524A69 /* HumanDetectionProcessor.cpp in Sources */,
				8385DBFC189E5D48004A3094 /* NSString+StdString.mm in Sources */,
				838BB543189F035700524A69 /* WBTabViewController.m in Sources */,
				8385DBF3189E5699004A3094 /* ContourDetectorProcessor.cpp in Sources */,
				830641CF189C8E18006C6F6E /* GLESImageView.mm in Sources */,
				8385DBF0189E550C004A3094 /* BaseVideoProcessor.cpp in Sources */,
				8385DBEA189D9E15004A3094 /* VideoViewController.mm in Sources */,
				8385DBF9189E59F2004A3094 /* ProcessorFacade.mm in Sources */,
				830641C8189C8823006C6F6E /* VideoSource.mm in Sources */,
				83C8201A189B2F45005C859D /* WBSecondViewController.m in Sources */,
				8385DBED189DA2E5004A3094 /* UIImage2OpenCV.mm in Sources */,
			);
			runOnlyForDeploymentPostprocessing = 0;
		};
		83C8201D189B2F45005C859D /* Sources */ = {
			isa = PBXSourcesBuildPhase;
			buildActionMask = 2147483647;
			files = (
				83C8202F189B2F45005C859D /* WeBoardTests.m in Sources */,
			);
			runOnlyForDeploymentPostprocessing = 0;
		};
/* End PBXSourcesBuildPhase section */

/* Begin PBXTargetDependency section */
		83C82027189B2F45005C859D /* PBXTargetDependency */ = {
			isa = PBXTargetDependency;
			target = 83C81FFC189B2F45005C859D /* WeBoard */;
			targetProxy = 83C82026189B2F45005C859D /* PBXContainerItemProxy */;
		};
/* End PBXTargetDependency section */

/* Begin PBXVariantGroup section */
		83C82009189B2F45005C859D /* InfoPlist.strings */ = {
			isa = PBXVariantGroup;
			children = (
				83C8200A189B2F45005C859D /* en */,
			);
			name = InfoPlist.strings;
			sourceTree = "<group>";
		};
		83C82012189B2F45005C859D /* Main.storyboard */ = {
			isa = PBXVariantGroup;
			children = (
				83C82013189B2F45005C859D /* Base */,
			);
			name = Main.storyboard;
			sourceTree = "<group>";
		};
		83C8202B189B2F45005C859D /* InfoPlist.strings */ = {
			isa = PBXVariantGroup;
			children = (
				83C8202C189B2F45005C859D /* en */,
			);
			name = InfoPlist.strings;
			sourceTree = "<group>";
		};
/* End PBXVariantGroup section */

/* Begin XCBuildConfiguration section */
		83C82030189B2F45005C859D /* Debug */ = {
			isa = XCBuildConfiguration;
			buildSettings = {
				ALWAYS_SEARCH_USER_PATHS = NO;
				ARCHS = "$(ARCHS_STANDARD_INCLUDING_64_BIT)";
				CLANG_CXX_LANGUAGE_STANDARD = "gnu++0x";
				CLANG_CXX_LIBRARY = "libc++";
				CLANG_ENABLE_MODULES = YES;
				CLANG_ENABLE_OBJC_ARC = YES;
				CLANG_WARN_BOOL_CONVERSION = YES;
				CLANG_WARN_CONSTANT_CONVERSION = YES;
				CLANG_WARN_DIRECT_OBJC_ISA_USAGE = YES_ERROR;
				CLANG_WARN_EMPTY_BODY = YES;
				CLANG_WARN_ENUM_CONVERSION = YES;
				CLANG_WARN_INT_CONVERSION = YES;
				CLANG_WARN_OBJC_ROOT_CLASS = YES_ERROR;
				CLANG_WARN__DUPLICATE_METHOD_MATCH = YES;
				"CODE_SIGN_IDENTITY[sdk=iphoneos*]" = "iPhone Developer";
				COPY_PHASE_STRIP = NO;
				GCC_C_LANGUAGE_STANDARD = gnu99;
				GCC_DYNAMIC_NO_PIC = NO;
				GCC_OPTIMIZATION_LEVEL = 0;
				GCC_PREPROCESSOR_DEFINITIONS = (
					"DEBUG=1",
					"$(inherited)",
				);
				GCC_SYMBOLS_PRIVATE_EXTERN = NO;
				GCC_WARN_64_TO_32_BIT_CONVERSION = YES;
				GCC_WARN_ABOUT_RETURN_TYPE = YES_ERROR;
				GCC_WARN_UNDECLARED_SELECTOR = YES;
				GCC_WARN_UNINITIALIZED_AUTOS = YES;
				GCC_WARN_UNUSED_FUNCTION = YES;
				GCC_WARN_UNUSED_VARIABLE = YES;
				IPHONEOS_DEPLOYMENT_TARGET = 7.0;
				ONLY_ACTIVE_ARCH = YES;
				SDKROOT = iphoneos;
			};
			name = Debug;
		};
		83C82031189B2F45005C859D /* Release */ = {
			isa = XCBuildConfiguration;
			buildSettings = {
				ALWAYS_SEARCH_USER_PATHS = NO;
				ARCHS = "$(ARCHS_STANDARD_INCLUDING_64_BIT)";
				CLANG_CXX_LANGUAGE_STANDARD = "gnu++0x";
				CLANG_CXX_LIBRARY = "libc++";
				CLANG_ENABLE_MODULES = YES;
				CLANG_ENABLE_OBJC_ARC = YES;
				CLANG_WARN_BOOL_CONVERSION = YES;
				CLANG_WARN_CONSTANT_CONVERSION = YES;
				CLANG_WARN_DIRECT_OBJC_ISA_USAGE = YES_ERROR;
				CLANG_WARN_EMPTY_BODY = YES;
				CLANG_WARN_ENUM_CONVERSION = YES;
				CLANG_WARN_INT_CONVERSION = YES;
				CLANG_WARN_OBJC_ROOT_CLASS = YES_ERROR;
				CLANG_WARN__DUPLICATE_METHOD_MATCH = YES;
				"CODE_SIGN_IDENTITY[sdk=iphoneos*]" = "iPhone Developer";
				COPY_PHASE_STRIP = YES;
				ENABLE_NS_ASSERTIONS = NO;
				GCC_C_LANGUAGE_STANDARD = gnu99;
				GCC_WARN_64_TO_32_BIT_CONVERSION = YES;
				GCC_WARN_ABOUT_RETURN_TYPE = YES_ERROR;
				GCC_WARN_UNDECLARED_SELECTOR = YES;
				GCC_WARN_UNINITIALIZED_AUTOS = YES;
				GCC_WARN_UNUSED_FUNCTION = YES;
				GCC_WARN_UNUSED_VARIABLE = YES;
				IPHONEOS_DEPLOYMENT_TARGET = 7.0;
				SDKROOT = iphoneos;
				VALIDATE_PRODUCT = YES;
			};
			name = Release;
		};
		83C82033189B2F45005C859D /* Debug */ = {
			isa = XCBuildConfiguration;
			buildSettings = {
				ALWAYS_SEARCH_USER_PATHS = YES;
				ARCHS = "$(ARCHS_STANDARD_32_BIT)";
				ASSETCATALOG_COMPILER_APPICON_NAME = AppIcon;
				ASSETCATALOG_COMPILER_LAUNCHIMAGE_NAME = LaunchImage;
				CLANG_CXX_LANGUAGE_STANDARD = "compiler-default";
				CLANG_ENABLE_MODULES = NO;
				CLANG_ENABLE_OBJC_ARC = YES;
				CLANG_WARN_DIRECT_OBJC_ISA_USAGE = YES;
				CLANG_WARN_EMPTY_BODY = NO;
				CLANG_WARN_OBJC_ROOT_CLASS = YES;
				CLANG_WARN__DUPLICATE_METHOD_MATCH = NO;
				CODE_SIGN_IDENTITY = "iPhone Developer: Pavlo Pidlypenskyi (857N438C3M)";
				"CODE_SIGN_IDENTITY[sdk=iphoneos*]" = "iPhone Developer";
				FRAMEWORK_SEARCH_PATHS = (
					"$(inherited)",
					/Users/podlipensky/Sites/ios,
				);
				GCC_CW_ASM_SYNTAX = YES;
				GCC_C_LANGUAGE_STANDARD = "compiler-default";
				GCC_PRECOMPILE_PREFIX_HEADER = YES;
				GCC_PREFIX_HEADER = "WeBoard/WeBoard-Prefix.pch";
				GCC_WARN_ABOUT_RETURN_TYPE = YES;
				GCC_WARN_UNUSED_FUNCTION = NO;
				INFOPLIST_FILE = "WeBoard/WeBoard-Info.plist";
				ONLY_ACTIVE_ARCH = NO;
				OTHER_CFLAGS = "-mfpu=neon";
				PRODUCT_NAME = "$(TARGET_NAME)";
				PROVISIONING_PROFILE = "";
				VALID_ARCHS = armv7;
				WRAPPER_EXTENSION = app;
			};
			name = Debug;
		};
		83C82034189B2F45005C859D /* Release */ = {
			isa = XCBuildConfiguration;
			buildSettings = {
				ALWAYS_SEARCH_USER_PATHS = YES;
				ARCHS = "$(ARCHS_STANDARD_32_BIT)";
				ASSETCATALOG_COMPILER_APPICON_NAME = AppIcon;
				ASSETCATALOG_COMPILER_LAUNCHIMAGE_NAME = LaunchImage;
				CLANG_CXX_LANGUAGE_STANDARD = "compiler-default";
				CLANG_ENABLE_MODULES = NO;
				CLANG_ENABLE_OBJC_ARC = YES;
				CLANG_WARN_DIRECT_OBJC_ISA_USAGE = YES;
				CLANG_WARN_EMPTY_BODY = NO;
				CLANG_WARN_OBJC_ROOT_CLASS = YES;
				CLANG_WARN__DUPLICATE_METHOD_MATCH = NO;
				CODE_SIGN_IDENTITY = "iPhone Developer: Pavlo Pidlypenskyi (857N438C3M)";
				"CODE_SIGN_IDENTITY[sdk=iphoneos*]" = "iPhone Developer";
				ENABLE_NS_ASSERTIONS = YES;
				FRAMEWORK_SEARCH_PATHS = (
					"$(inherited)",
					/Users/podlipensky/Sites/ios,
				);
				GCC_CW_ASM_SYNTAX = YES;
				GCC_C_LANGUAGE_STANDARD = "compiler-default";
				GCC_PRECOMPILE_PREFIX_HEADER = YES;
				GCC_PREFIX_HEADER = "WeBoard/WeBoard-Prefix.pch";
				GCC_WARN_ABOUT_RETURN_TYPE = YES;
				GCC_WARN_UNUSED_FUNCTION = NO;
				INFOPLIST_FILE = "WeBoard/WeBoard-Info.plist";
				ONLY_ACTIVE_ARCH = NO;
				OTHER_CFLAGS = (
					"-mfpu=neon",
					"-DNS_BLOCK_ASSERTIONS=1",
				);
				PRODUCT_NAME = "$(TARGET_NAME)";
				PROVISIONING_PROFILE = "";
				VALID_ARCHS = armv7;
				WRAPPER_EXTENSION = app;
			};
			name = Release;
		};
		83C82036189B2F45005C859D /* Debug */ = {
			isa = XCBuildConfiguration;
			buildSettings = {
				ARCHS = "$(ARCHS_STANDARD_INCLUDING_64_BIT)";
				BUNDLE_LOADER = "$(BUILT_PRODUCTS_DIR)/WeBoard.app/WeBoard";
				FRAMEWORK_SEARCH_PATHS = (
					"$(SDKROOT)/Developer/Library/Frameworks",
					"$(inherited)",
					"$(DEVELOPER_FRAMEWORKS_DIR)",
				);
				GCC_PRECOMPILE_PREFIX_HEADER = YES;
				GCC_PREFIX_HEADER = "WeBoard/WeBoard-Prefix.pch";
				GCC_PREPROCESSOR_DEFINITIONS = (
					"DEBUG=1",
					"$(inherited)",
				);
				INFOPLIST_FILE = "WeBoardTests/WeBoardTests-Info.plist";
				PRODUCT_NAME = "$(TARGET_NAME)";
				TEST_HOST = "$(BUNDLE_LOADER)";
				WRAPPER_EXTENSION = xctest;
			};
			name = Debug;
		};
		83C82037189B2F45005C859D /* Release */ = {
			isa = XCBuildConfiguration;
			buildSettings = {
				ARCHS = "$(ARCHS_STANDARD_INCLUDING_64_BIT)";
				BUNDLE_LOADER = "$(BUILT_PRODUCTS_DIR)/WeBoard.app/WeBoard";
				FRAMEWORK_SEARCH_PATHS = (
					"$(SDKROOT)/Developer/Library/Frameworks",
					"$(inherited)",
					"$(DEVELOPER_FRAMEWORKS_DIR)",
				);
				GCC_PRECOMPILE_PREFIX_HEADER = YES;
				GCC_PREFIX_HEADER = "WeBoard/WeBoard-Prefix.pch";
				INFOPLIST_FILE = "WeBoardTests/WeBoardTests-Info.plist";
				PRODUCT_NAME = "$(TARGET_NAME)";
				TEST_HOST = "$(BUNDLE_LOADER)";
				WRAPPER_EXTENSION = xctest;
			};
			name = Release;
		};
/* End XCBuildConfiguration section */

/* Begin XCConfigurationList section */
		83C81FF8189B2F45005C859D /* Build configuration list for PBXProject "WeBoard" */ = {
			isa = XCConfigurationList;
			buildConfigurations = (
				83C82030189B2F45005C859D /* Debug */,
				83C82031189B2F45005C859D /* Release */,
			);
			defaultConfigurationIsVisible = 0;
			defaultConfigurationName = Release;
		};
		83C82032189B2F45005C859D /* Build configuration list for PBXNativeTarget "WeBoard" */ = {
			isa = XCConfigurationList;
			buildConfigurations = (
				83C82033189B2F45005C859D /* Debug */,
				83C82034189B2F45005C859D /* Release */,
			);
			defaultConfigurationIsVisible = 0;
			defaultConfigurationName = Release;
		};
		83C82035189B2F45005C859D /* Build configuration list for PBXNativeTarget "WeBoardTests" */ = {
			isa = XCConfigurationList;
			buildConfigurations = (
				83C82036189B2F45005C859D /* Debug */,
				83C82037189B2F45005C859D /* Release */,
			);
			defaultConfigurationIsVisible = 0;
			defaultConfigurationName = Release;
		};
/* End XCConfigurationList section */
	};
	rootObject = 83C81FF5189B2F45005C859D /* Project object */;
}
